<Solution>
  <Project Path="asset-store-tools-editor.csproj" />
  <Project Path="jp.xeon.x-terminal.runtime.csproj" />
  <Project Path="jp.xeon.x-terminal.tests.runtime.csproj" />
  <Project Path="jp.xeon.x-terminal.tests.editor.csproj" />
  <Project Path="xeon.jp.x-terminal.sample.csproj" />
  <Project Path="Assembly-CSharp-Editor.csproj" />
  <Project Path="jp.xeon.x-terminal.editor.csproj" />
</Solution>
